
Microsoft Visual Studio Solution File, Format Version 12.00
# Visual Studio Version 17
VisualStudioVersion = 17.8.34330.188
MinimumVisualStudioVersion = 10.0.40219.1
Project("{2150E333-8FDC-42A3-9474-1A3956D46DE8}") = "AuctionService", "AuctionService", "{A634B332-51B7-42CC-B6ED-C5D2C764C7D6}"
EndProject
Project("{9A19103F-16F7-4668-BE54-9A1E7A4F7556}") = "WebApi", "src\AuctionService\WebApi\WebApi.csproj", "{3C0BAB4E-438E-4227-8550-5197D1542503}"
EndProject
Project("{9A19103F-16F7-4668-BE54-9A1E7A4F7556}") = "Domain", "src\AuctionService\Domain\Domain.csproj", "{5FE6B519-BFEA-4D9D-A989-01C0A7B842E2}"
EndProject
Project("{2150E333-8FDC-42A3-9474-1A3956D46DE8}") = "Common", "Common", "{211AB336-B0EB-4CDA-82E9-49F1CE25AC22}"
EndProject
Project("{9A19103F-16F7-4668-BE54-9A1E7A4F7556}") = "Shared.Domain", "src\Common\Shared.Domain\Shared.Domain.csproj", "{27E9E864-B836-4A4F-9EA3-167A4A6E7EC0}"
EndProject
Project("{9A19103F-16F7-4668-BE54-9A1E7A4F7556}") = "Infrastructure", "src\AuctionService\Infrastructure\Infrastructure.csproj", "{3851BB1D-895D-461A-A414-EEF213B63827}"
EndProject
Project("{9A19103F-16F7-4668-BE54-9A1E7A4F7556}") = "Shared.Constants", "src\Common\Shared.Constants\Shared.Constants.csproj", "{EF4DDE65-434A-4E72-A370-DB750871635A}"
EndProject
Project("{9A19103F-16F7-4668-BE54-9A1E7A4F7556}") = "Application", "src\AuctionService\Application\Application.csproj", "{09A1BA5C-6645-4478-BBF0-7EA28F68E25E}"
EndProject
Project("{2150E333-8FDC-42A3-9474-1A3956D46DE8}") = "SearchService", "SearchService", "{54AD00B9-596C-415C-851B-D4D93794F3F0}"
EndProject
Project("{9A19103F-16F7-4668-BE54-9A1E7A4F7556}") = "WebApi", "src\SearchService\WebApi\WebApi.csproj", "{FF1CDECA-8B42-4A8B-9F73-F763A09D7947}"
EndProject
Project("{2150E333-8FDC-42A3-9474-1A3956D46DE8}") = "IdentityService", "IdentityService", "{CD13F801-6AD3-46B9-AA5C-6C389088D402}"
EndProject
Project("{9A19103F-16F7-4668-BE54-9A1E7A4F7556}") = "Web", "src\IdentityService\Web\Web.csproj", "{42CCF2E0-F1C6-4A2C-A76F-5331B494848C}"
EndProject
Project("{9A19103F-16F7-4668-BE54-9A1E7A4F7556}") = "Domain", "src\IdentityService\Domain\Domain.csproj", "{A0918255-00F5-4A22-8093-F67D382FB3A5}"
EndProject
Project("{9A19103F-16F7-4668-BE54-9A1E7A4F7556}") = "Infrastructure", "src\IdentityService\Infrastructure\Infrastructure.csproj", "{3B802018-7526-4E00-9607-19325B35409A}"
EndProject
Project("{9A19103F-16F7-4668-BE54-9A1E7A4F7556}") = "Application", "src\IdentityService\Application\Application.csproj", "{2FB33758-6B8C-4F6C-8965-809BE16672BB}"
EndProject
Project("{2150E333-8FDC-42A3-9474-1A3956D46DE8}") = "GatewayService", "GatewayService", "{AA2A303F-AF4E-4BB8-AE5D-62284DBC8BED}"
EndProject
Project("{FAE04EC0-301F-11D3-BF4B-00C04F79EFBC}") = "Web", "src\GatewayService\Web\Web.csproj", "{BB8C772B-60D1-4C34-89DB-A1A4EF5AE4A3}"
EndProject
Global
	GlobalSection(SolutionConfigurationPlatforms) = preSolution
		Debug|Any CPU = Debug|Any CPU
		Release|Any CPU = Release|Any CPU
	EndGlobalSection
	GlobalSection(ProjectConfigurationPlatforms) = postSolution
		{3C0BAB4E-438E-4227-8550-5197D1542503}.Debug|Any CPU.ActiveCfg = Debug|Any CPU
		{3C0BAB4E-438E-4227-8550-5197D1542503}.Debug|Any CPU.Build.0 = Debug|Any CPU
		{3C0BAB4E-438E-4227-8550-5197D1542503}.Release|Any CPU.ActiveCfg = Release|Any CPU
		{3C0BAB4E-438E-4227-8550-5197D1542503}.Release|Any CPU.Build.0 = Release|Any CPU
		{5FE6B519-BFEA-4D9D-A989-01C0A7B842E2}.Debug|Any CPU.ActiveCfg = Debug|Any CPU
		{5FE6B519-BFEA-4D9D-A989-01C0A7B842E2}.Debug|Any CPU.Build.0 = Debug|Any CPU
		{5FE6B519-BFEA-4D9D-A989-01C0A7B842E2}.Release|Any CPU.ActiveCfg = Release|Any CPU
		{5FE6B519-BFEA-4D9D-A989-01C0A7B842E2}.Release|Any CPU.Build.0 = Release|Any CPU
		{27E9E864-B836-4A4F-9EA3-167A4A6E7EC0}.Debug|Any CPU.ActiveCfg = Debug|Any CPU
		{27E9E864-B836-4A4F-9EA3-167A4A6E7EC0}.Debug|Any CPU.Build.0 = Debug|Any CPU
		{27E9E864-B836-4A4F-9EA3-167A4A6E7EC0}.Release|Any CPU.ActiveCfg = Release|Any CPU
		{27E9E864-B836-4A4F-9EA3-167A4A6E7EC0}.Release|Any CPU.Build.0 = Release|Any CPU
		{3851BB1D-895D-461A-A414-EEF213B63827}.Debug|Any CPU.ActiveCfg = Debug|Any CPU
		{3851BB1D-895D-461A-A414-EEF213B63827}.Debug|Any CPU.Build.0 = Debug|Any CPU
		{3851BB1D-895D-461A-A414-EEF213B63827}.Release|Any CPU.ActiveCfg = Release|Any CPU
		{3851BB1D-895D-461A-A414-EEF213B63827}.Release|Any CPU.Build.0 = Release|Any CPU
		{EF4DDE65-434A-4E72-A370-DB750871635A}.Debug|Any CPU.ActiveCfg = Debug|Any CPU
		{EF4DDE65-434A-4E72-A370-DB750871635A}.Debug|Any CPU.Build.0 = Debug|Any CPU
		{EF4DDE65-434A-4E72-A370-DB750871635A}.Release|Any CPU.ActiveCfg = Release|Any CPU
		{EF4DDE65-434A-4E72-A370-DB750871635A}.Release|Any CPU.Build.0 = Release|Any CPU
		{09A1BA5C-6645-4478-BBF0-7EA28F68E25E}.Debug|Any CPU.ActiveCfg = Debug|Any CPU
		{09A1BA5C-6645-4478-BBF0-7EA28F68E25E}.Debug|Any CPU.Build.0 = Debug|Any CPU
		{09A1BA5C-6645-4478-BBF0-7EA28F68E25E}.Release|Any CPU.ActiveCfg = Release|Any CPU
		{09A1BA5C-6645-4478-BBF0-7EA28F68E25E}.Release|Any CPU.Build.0 = Release|Any CPU
		{FF1CDECA-8B42-4A8B-9F73-F763A09D7947}.Debug|Any CPU.ActiveCfg = Debug|Any CPU
		{FF1CDECA-8B42-4A8B-9F73-F763A09D7947}.Debug|Any CPU.Build.0 = Debug|Any CPU
		{FF1CDECA-8B42-4A8B-9F73-F763A09D7947}.Release|Any CPU.ActiveCfg = Release|Any CPU
		{FF1CDECA-8B42-4A8B-9F73-F763A09D7947}.Release|Any CPU.Build.0 = Release|Any CPU
		{42CCF2E0-F1C6-4A2C-A76F-5331B494848C}.Debug|Any CPU.ActiveCfg = Debug|Any CPU
		{42CCF2E0-F1C6-4A2C-A76F-5331B494848C}.Debug|Any CPU.Build.0 = Debug|Any CPU
		{42CCF2E0-F1C6-4A2C-A76F-5331B494848C}.Release|Any CPU.ActiveCfg = Release|Any CPU
		{42CCF2E0-F1C6-4A2C-A76F-5331B494848C}.Release|Any CPU.Build.0 = Release|Any CPU
		{A0918255-00F5-4A22-8093-F67D382FB3A5}.Debug|Any CPU.ActiveCfg = Debug|Any CPU
		{A0918255-00F5-4A22-8093-F67D382FB3A5}.Debug|Any CPU.Build.0 = Debug|Any CPU
		{A0918255-00F5-4A22-8093-F67D382FB3A5}.Release|Any CPU.ActiveCfg = Release|Any CPU
		{A0918255-00F5-4A22-8093-F67D382FB3A5}.Release|Any CPU.Build.0 = Release|Any CPU
		{3B802018-7526-4E00-9607-19325B35409A}.Debug|Any CPU.ActiveCfg = Debug|Any CPU
		{3B802018-7526-4E00-9607-19325B35409A}.Debug|Any CPU.Build.0 = Debug|Any CPU
		{3B802018-7526-4E00-9607-19325B35409A}.Release|Any CPU.ActiveCfg = Release|Any CPU
		{3B802018-7526-4E00-9607-19325B35409A}.Release|Any CPU.Build.0 = Release|Any CPU
		{2FB33758-6B8C-4F6C-8965-809BE16672BB}.Debug|Any CPU.ActiveCfg = Debug|Any CPU
		{2FB33758-6B8C-4F6C-8965-809BE16672BB}.Debug|Any CPU.Build.0 = Debug|Any CPU
		{2FB33758-6B8C-4F6C-8965-809BE16672BB}.Release|Any CPU.ActiveCfg = Release|Any CPU
		{2FB33758-6B8C-4F6C-8965-809BE16672BB}.Release|Any CPU.Build.0 = Release|Any CPU
		{BB8C772B-60D1-4C34-89DB-A1A4EF5AE4A3}.Debug|Any CPU.ActiveCfg = Debug|Any CPU
		{BB8C772B-60D1-4C34-89DB-A1A4EF5AE4A3}.Debug|Any CPU.Build.0 = Debug|Any CPU
		{BB8C772B-60D1-4C34-89DB-A1A4EF5AE4A3}.Release|Any CPU.ActiveCfg = Release|Any CPU
		{BB8C772B-60D1-4C34-89DB-A1A4EF5AE4A3}.Release|Any CPU.Build.0 = Release|Any CPU
	EndGlobalSection
	GlobalSection(SolutionProperties) = preSolution
		HideSolutionNode = FALSE
	EndGlobalSection
	GlobalSection(NestedProjects) = preSolution
		{3C0BAB4E-438E-4227-8550-5197D1542503} = {A634B332-51B7-42CC-B6ED-C5D2C764C7D6}
		{5FE6B519-BFEA-4D9D-A989-01C0A7B842E2} = {A634B332-51B7-42CC-B6ED-C5D2C764C7D6}
		{27E9E864-B836-4A4F-9EA3-167A4A6E7EC0} = {211AB336-B0EB-4CDA-82E9-49F1CE25AC22}
		{3851BB1D-895D-461A-A414-EEF213B63827} = {A634B332-51B7-42CC-B6ED-C5D2C764C7D6}
		{EF4DDE65-434A-4E72-A370-DB750871635A} = {211AB336-B0EB-4CDA-82E9-49F1CE25AC22}
		{09A1BA5C-6645-4478-BBF0-7EA28F68E25E} = {A634B332-51B7-42CC-B6ED-C5D2C764C7D6}
		{FF1CDECA-8B42-4A8B-9F73-F763A09D7947} = {54AD00B9-596C-415C-851B-D4D93794F3F0}
		{42CCF2E0-F1C6-4A2C-A76F-5331B494848C} = {CD13F801-6AD3-46B9-AA5C-6C389088D402}
		{A0918255-00F5-4A22-8093-F67D382FB3A5} = {CD13F801-6AD3-46B9-AA5C-6C389088D402}
		{3B802018-7526-4E00-9607-19325B35409A} = {CD13F801-6AD3-46B9-AA5C-6C389088D402}
		{2FB33758-6B8C-4F6C-8965-809BE16672BB} = {CD13F801-6AD3-46B9-AA5C-6C389088D402}
		{BB8C772B-60D1-4C34-89DB-A1A4EF5AE4A3} = {AA2A303F-AF4E-4BB8-AE5D-62284DBC8BED}
	EndGlobalSection
	GlobalSection(ExtensibilityGlobals) = postSolution
		SolutionGuid = {2C4240D4-73F1-4712-8CD5-9BEA1E61F002}
	EndGlobalSection
EndGlobal
